
Microsoft Visual Studio Solution File, Format Version 12.00
# Visual Studio 2013
VisualStudioVersion = 12.0.31101.0
MinimumVisualStudioVersion = 10.0.40219.1
Project("{FAE04EC0-301F-11D3-BF4B-00C04F79EFBC}") = "DirectXTextBlock", "DirectXTextBlock\DirectXTextBlock.csproj", "{F180A2BE-D70E-4D66-9984-CF40F7882B3B}"
EndProject
Project("{FAE04EC0-301F-11D3-BF4B-00C04F79EFBC}") = "DirectXTextBlockControl", "DirectXTextBlockControl\DirectXTextBlockControl.csproj", "{9721EBA9-C154-493F-82E5-70AF764E4E4D}"
EndProject
Project("{2150E333-8FDC-42A3-9474-1A3956D46DE8}") = ".nuget", ".nuget", "{4A3E737C-4BE5-4B23-B589-93488D04784E}"
	ProjectSection(SolutionItems) = preProject
		.nuget\NuGet.Config = .nuget\NuGet.Config
		.nuget\NuGet.exe = .nuget\NuGet.exe
		.nuget\NuGet.targets = .nuget\NuGet.targets
	EndProjectSection
EndProject
Project("{2150E333-8FDC-42A3-9474-1A3956D46DE8}") = "Solution Items", "Solution Items", "{2E4B57E2-2C8C-47CB-975F-B7DDDD676F62}"
	ProjectSection(SolutionItems) = preProject
		Readme.md = Readme.md
	EndProjectSection
EndProject
Global
	GlobalSection(SolutionConfigurationPlatforms) = preSolution
		Debug|Any CPU = Debug|Any CPU
		Debug|ARM = Debug|ARM
		Debug|x86 = Debug|x86
		Release|Any CPU = Release|Any CPU
		Release|ARM = Release|ARM
		Release|x86 = Release|x86
	EndGlobalSection
	GlobalSection(ProjectConfigurationPlatforms) = postSolution
		{F180A2BE-D70E-4D66-9984-CF40F7882B3B}.Debug|Any CPU.ActiveCfg = Debug|Any CPU
		{F180A2BE-D70E-4D66-9984-CF40F7882B3B}.Debug|Any CPU.Build.0 = Debug|Any CPU
		{F180A2BE-D70E-4D66-9984-CF40F7882B3B}.Debug|Any CPU.Deploy.0 = Debug|Any CPU
		{F180A2BE-D70E-4D66-9984-CF40F7882B3B}.Debug|ARM.ActiveCfg = Debug|ARM
		{F180A2BE-D70E-4D66-9984-CF40F7882B3B}.Debug|ARM.Build.0 = Debug|ARM
		{F180A2BE-D70E-4D66-9984-CF40F7882B3B}.Debug|ARM.Deploy.0 = Debug|ARM
		{F180A2BE-D70E-4D66-9984-CF40F7882B3B}.Debug|x86.ActiveCfg = Debug|x86
		{F180A2BE-D70E-4D66-9984-CF40F7882B3B}.Debug|x86.Build.0 = Debug|x86
		{F180A2BE-D70E-4D66-9984-CF40F7882B3B}.Debug|x86.Deploy.0 = Debug|x86
		{F180A2BE-D70E-4D66-9984-CF40F7882B3B}.Release|Any CPU.ActiveCfg = Release|Any CPU
		{F180A2BE-D70E-4D66-9984-CF40F7882B3B}.Release|Any CPU.Build.0 = Release|Any CPU
		{F180A2BE-D70E-4D66-9984-CF40F7882B3B}.Release|Any CPU.Deploy.0 = Release|Any CPU
		{F180A2BE-D70E-4D66-9984-CF40F7882B3B}.Release|ARM.ActiveCfg = Release|ARM
		{F180A2BE-D70E-4D66-9984-CF40F7882B3B}.Release|ARM.Build.0 = Release|ARM
		{F180A2BE-D70E-4D66-9984-CF40F7882B3B}.Release|ARM.Deploy.0 = Release|ARM
		{F180A2BE-D70E-4D66-9984-CF40F7882B3B}.Release|x86.ActiveCfg = Release|x86
		{F180A2BE-D70E-4D66-9984-CF40F7882B3B}.Release|x86.Build.0 = Release|x86
		{F180A2BE-D70E-4D66-9984-CF40F7882B3B}.Release|x86.Deploy.0 = Release|x86
		{9721EBA9-C154-493F-82E5-70AF764E4E4D}.Debug|Any CPU.ActiveCfg = Debug|Any CPU
		{9721EBA9-C154-493F-82E5-70AF764E4E4D}.Debug|Any CPU.Build.0 = Debug|Any CPU
		{9721EBA9-C154-493F-82E5-70AF764E4E4D}.Debug|ARM.ActiveCfg = Debug|Any CPU
		{9721EBA9-C154-493F-82E5-70AF764E4E4D}.Debug|x86.ActiveCfg = Debug|Any CPU
		{9721EBA9-C154-493F-82E5-70AF764E4E4D}.Release|Any CPU.ActiveCfg = Release|Any CPU
		{9721EBA9-C154-493F-82E5-70AF764E4E4D}.Release|Any CPU.Build.0 = Release|Any CPU
		{9721EBA9-C154-493F-82E5-70AF764E4E4D}.Release|ARM.ActiveCfg = Release|Any CPU
		{9721EBA9-C154-493F-82E5-70AF764E4E4D}.Release|x86.ActiveCfg = Release|Any CPU
	EndGlobalSection
	GlobalSection(SolutionProperties) = preSolution
		HideSolutionNode = FALSE
	EndGlobalSection
EndGlobal
